
Microsoft Visual Studio Solution File, Format Version 12.00
# Visual Studio Version 17
VisualStudioVersion = 17.14.36310.24
MinimumVisualStudioVersion = 10.0.40219.1
Project("{FAE04EC0-301F-11D3-BF4B-00C04F79EFBC}") = "LiveSplit.Painscreek.AutoSplitter", "LiveSplit.Painscreek.AutoSplitter\LiveSplit.Painscreek.AutoSplitter.csproj", "{26BD628C-78EC-4018-94A4-E70F0B07D5E6}"
EndProject
Project("{FAE04EC0-301F-11D3-BF4B-00C04F79EFBC}") = "LiveSplit.Painscreek.MemoryReader", "LiveSplit.Painscreek.MemoryReader\LiveSplit.Painscreek.MemoryReader.csproj", "{3CEBA5C6-6178-4800-BF88-2D1C8B466373}"
EndProject
Project("{2150E333-8FDC-42A3-9474-1A3956D46DE8}") = "Solution Items", "Solution Items", "{8EC462FD-D22E-90A8-E5CE-7E832BA40C5D}"
	ProjectSection(SolutionItems) = preProject
		.editorconfig = .editorconfig
		.gitignore = .gitignore
		LICENSE = LICENSE
		README.md = README.md
		update.xml = update.xml
	EndProjectSection
EndProject
Global
	GlobalSection(SolutionConfigurationPlatforms) = preSolution
		Debug|Any CPU = Debug|Any CPU
		Release|Any CPU = Release|Any CPU
	EndGlobalSection
	GlobalSection(ProjectConfigurationPlatforms) = postSolution
		{26BD628C-78EC-4018-94A4-E70F0B07D5E6}.Debug|Any CPU.ActiveCfg = Debug|Any CPU
		{26BD628C-78EC-4018-94A4-E70F0B07D5E6}.Debug|Any CPU.Build.0 = Debug|Any CPU
		{26BD628C-78EC-4018-94A4-E70F0B07D5E6}.Release|Any CPU.ActiveCfg = Release|Any CPU
		{26BD628C-78EC-4018-94A4-E70F0B07D5E6}.Release|Any CPU.Build.0 = Release|Any CPU
		{3CEBA5C6-6178-4800-BF88-2D1C8B466373}.Debug|Any CPU.ActiveCfg = Debug|Any CPU
		{3CEBA5C6-6178-4800-BF88-2D1C8B466373}.Debug|Any CPU.Build.0 = Debug|Any CPU
		{3CEBA5C6-6178-4800-BF88-2D1C8B466373}.Release|Any CPU.ActiveCfg = Release|Any CPU
		{3CEBA5C6-6178-4800-BF88-2D1C8B466373}.Release|Any CPU.Build.0 = Release|Any CPU
	EndGlobalSection
	GlobalSection(SolutionProperties) = preSolution
		HideSolutionNode = FALSE
	EndGlobalSection
	GlobalSection(ExtensibilityGlobals) = postSolution
		SolutionGuid = {D330A8E2-0E7C-4F39-9684-5F4C72B91202}
	EndGlobalSection
EndGlobal
